
Microsoft Visual Studio Solution File, Format Version 12.00
# Visual Studio Version 17
VisualStudioVersion = 17.14.36429.23 d17.14
MinimumVisualStudioVersion = 10.0.40219.1
Project("{FAE04EC0-301F-11D3-BF4B-00C04F79EFBC}") = "BSApi", "BSApi\BSApi.csproj", "{85B500C8-D813-4B07-B735-179FF3EB4758}"
EndProject
Project("{FAE04EC0-301F-11D3-BF4B-00C04F79EFBC}") = "DataLayer", "DataLayer\DataLayer.csproj", "{C07757A6-60F9-459E-B66B-4AB220E90F0D}"
EndProject
Project("{FAE04EC0-301F-11D3-BF4B-00C04F79EFBC}") = "BussinesLayer", "BussinesLayer\BussinesLayer.csproj", "{2CF0DC2A-358A-4D3B-B816-534EF7983775}"
EndProject
Project("{FAE04EC0-301F-11D3-BF4B-00C04F79EFBC}") = "Repositary", "Repositary\Repositary.csproj", "{187924A7-4B84-4F49-B663-4B53C4037F32}"
EndProject
Project("{FAE04EC0-301F-11D3-BF4B-00C04F79EFBC}") = "Dtos", "Dtos\Dtos.csproj", "{D24D5BC3-0232-44FA-94D5-5B0E72219F44}"
EndProject
Global
	GlobalSection(SolutionConfigurationPlatforms) = preSolution
		Debug|Any CPU = Debug|Any CPU
		Release|Any CPU = Release|Any CPU
	EndGlobalSection
	GlobalSection(ProjectConfigurationPlatforms) = postSolution
		{85B500C8-D813-4B07-B735-179FF3EB4758}.Debug|Any CPU.ActiveCfg = Debug|Any CPU
		{85B500C8-D813-4B07-B735-179FF3EB4758}.Debug|Any CPU.Build.0 = Debug|Any CPU
		{85B500C8-D813-4B07-B735-179FF3EB4758}.Release|Any CPU.ActiveCfg = Release|Any CPU
		{85B500C8-D813-4B07-B735-179FF3EB4758}.Release|Any CPU.Build.0 = Release|Any CPU
		{C07757A6-60F9-459E-B66B-4AB220E90F0D}.Debug|Any CPU.ActiveCfg = Debug|Any CPU
		{C07757A6-60F9-459E-B66B-4AB220E90F0D}.Debug|Any CPU.Build.0 = Debug|Any CPU
		{C07757A6-60F9-459E-B66B-4AB220E90F0D}.Release|Any CPU.ActiveCfg = Release|Any CPU
		{C07757A6-60F9-459E-B66B-4AB220E90F0D}.Release|Any CPU.Build.0 = Release|Any CPU
		{2CF0DC2A-358A-4D3B-B816-534EF7983775}.Debug|Any CPU.ActiveCfg = Debug|Any CPU
		{2CF0DC2A-358A-4D3B-B816-534EF7983775}.Debug|Any CPU.Build.0 = Debug|Any CPU
		{2CF0DC2A-358A-4D3B-B816-534EF7983775}.Release|Any CPU.ActiveCfg = Release|Any CPU
		{2CF0DC2A-358A-4D3B-B816-534EF7983775}.Release|Any CPU.Build.0 = Release|Any CPU
		{187924A7-4B84-4F49-B663-4B53C4037F32}.Debug|Any CPU.ActiveCfg = Debug|Any CPU
		{187924A7-4B84-4F49-B663-4B53C4037F32}.Debug|Any CPU.Build.0 = Debug|Any CPU
		{187924A7-4B84-4F49-B663-4B53C4037F32}.Release|Any CPU.ActiveCfg = Release|Any CPU
		{187924A7-4B84-4F49-B663-4B53C4037F32}.Release|Any CPU.Build.0 = Release|Any CPU
		{D24D5BC3-0232-44FA-94D5-5B0E72219F44}.Debug|Any CPU.ActiveCfg = Debug|Any CPU
		{D24D5BC3-0232-44FA-94D5-5B0E72219F44}.Debug|Any CPU.Build.0 = Debug|Any CPU
		{D24D5BC3-0232-44FA-94D5-5B0E72219F44}.Release|Any CPU.ActiveCfg = Release|Any CPU
		{D24D5BC3-0232-44FA-94D5-5B0E72219F44}.Release|Any CPU.Build.0 = Release|Any CPU
	EndGlobalSection
	GlobalSection(SolutionProperties) = preSolution
		HideSolutionNode = FALSE
	EndGlobalSection
	GlobalSection(ExtensibilityGlobals) = postSolution
		SolutionGuid = {5FD3BF5B-8C85-4774-A632-F26E70CAA037}
	EndGlobalSection
EndGlobal
